
Microsoft Visual Studio Solution File, Format Version 12.00
# Visual Studio Version 17
VisualStudioVersion = 17.14.36518.9
MinimumVisualStudioVersion = 10.0.40219.1
Project("{FAE04EC0-301F-11D3-BF4B-00C04F79EFBC}") = "Example01", "Example\Example01.csproj", "{7CED66A7-C687-4302-9B75-519E2E39603C}"
EndProject
Project("{FAE04EC0-301F-11D3-BF4B-00C04F79EFBC}") = "Example02", "Example02\Example02.csproj", "{C3E74802-C2EF-4468-9946-B7DC06ACED7D}"
EndProject
Project("{FAE04EC0-301F-11D3-BF4B-00C04F79EFBC}") = "Example03", "Example03\Example03.csproj", "{3FAD5C67-4772-46F7-97D4-23EED6B2575E}"
EndProject
Project("{FAE04EC0-301F-11D3-BF4B-00C04F79EFBC}") = "Example04", "Example04\Example04.csproj", "{C5171126-832C-455C-9354-F6F33AE53D3A}"
EndProject
Project("{FAE04EC0-301F-11D3-BF4B-00C04F79EFBC}") = "Example05", "Example05\Example05.csproj", "{A058D7B9-EA6E-499C-B40A-C1529B834948}"
EndProject
Project("{FAE04EC0-301F-11D3-BF4B-00C04F79EFBC}") = "Example06", "Example06\Example06.csproj", "{3EC18AAA-EFFA-4ED9-8ABC-93463081E9F8}"
EndProject
Project("{FAE04EC0-301F-11D3-BF4B-00C04F79EFBC}") = "Example07", "Example07\Example07.csproj", "{1447313A-9F66-46D7-814D-5F4EDF9ECDB8}"
EndProject
Project("{FAE04EC0-301F-11D3-BF4B-00C04F79EFBC}") = "Example08", "Example08\Example08.csproj", "{E2391715-D696-46DC-BA34-20C5DAA27268}"
EndProject
Project("{FAE04EC0-301F-11D3-BF4B-00C04F79EFBC}") = "Example09", "Example09\Example09.csproj", "{E5499241-6F7D-4E2B-8508-CCD81DB28473}"
EndProject
Project("{FAE04EC0-301F-11D3-BF4B-00C04F79EFBC}") = "Example10", "Example10\Example10.csproj", "{B67273B1-C20A-4BF2-8F75-243828F3227D}"
EndProject
Project("{FAE04EC0-301F-11D3-BF4B-00C04F79EFBC}") = "Example11", "Example11\Example11.csproj", "{DFD8C5AE-469D-4D49-A352-ABCAF4E05479}"
EndProject
Project("{FAE04EC0-301F-11D3-BF4B-00C04F79EFBC}") = "Example12", "Example12\Example12.csproj", "{2F7130D9-8A02-4E96-9410-D4DD84C25C25}"
EndProject
Global
	GlobalSection(SolutionConfigurationPlatforms) = preSolution
		Debug|Any CPU = Debug|Any CPU
		Release|Any CPU = Release|Any CPU
	EndGlobalSection
	GlobalSection(ProjectConfigurationPlatforms) = postSolution
		{7CED66A7-C687-4302-9B75-519E2E39603C}.Debug|Any CPU.ActiveCfg = Debug|Any CPU
		{7CED66A7-C687-4302-9B75-519E2E39603C}.Debug|Any CPU.Build.0 = Debug|Any CPU
		{7CED66A7-C687-4302-9B75-519E2E39603C}.Release|Any CPU.ActiveCfg = Release|Any CPU
		{7CED66A7-C687-4302-9B75-519E2E39603C}.Release|Any CPU.Build.0 = Release|Any CPU
		{C3E74802-C2EF-4468-9946-B7DC06ACED7D}.Debug|Any CPU.ActiveCfg = Debug|Any CPU
		{C3E74802-C2EF-4468-9946-B7DC06ACED7D}.Debug|Any CPU.Build.0 = Debug|Any CPU
		{C3E74802-C2EF-4468-9946-B7DC06ACED7D}.Release|Any CPU.ActiveCfg = Release|Any CPU
		{C3E74802-C2EF-4468-9946-B7DC06ACED7D}.Release|Any CPU.Build.0 = Release|Any CPU
		{3FAD5C67-4772-46F7-97D4-23EED6B2575E}.Debug|Any CPU.ActiveCfg = Debug|Any CPU
		{3FAD5C67-4772-46F7-97D4-23EED6B2575E}.Debug|Any CPU.Build.0 = Debug|Any CPU
		{3FAD5C67-4772-46F7-97D4-23EED6B2575E}.Release|Any CPU.ActiveCfg = Release|Any CPU
		{3FAD5C67-4772-46F7-97D4-23EED6B2575E}.Release|Any CPU.Build.0 = Release|Any CPU
		{C5171126-832C-455C-9354-F6F33AE53D3A}.Debug|Any CPU.ActiveCfg = Debug|Any CPU
		{C5171126-832C-455C-9354-F6F33AE53D3A}.Debug|Any CPU.Build.0 = Debug|Any CPU
		{C5171126-832C-455C-9354-F6F33AE53D3A}.Release|Any CPU.ActiveCfg = Release|Any CPU
		{C5171126-832C-455C-9354-F6F33AE53D3A}.Release|Any CPU.Build.0 = Release|Any CPU
		{A058D7B9-EA6E-499C-B40A-C1529B834948}.Debug|Any CPU.ActiveCfg = Debug|Any CPU
		{A058D7B9-EA6E-499C-B40A-C1529B834948}.Debug|Any CPU.Build.0 = Debug|Any CPU
		{A058D7B9-EA6E-499C-B40A-C1529B834948}.Release|Any CPU.ActiveCfg = Release|Any CPU
		{A058D7B9-EA6E-499C-B40A-C1529B834948}.Release|Any CPU.Build.0 = Release|Any CPU
		{3EC18AAA-EFFA-4ED9-8ABC-93463081E9F8}.Debug|Any CPU.ActiveCfg = Debug|Any CPU
		{3EC18AAA-EFFA-4ED9-8ABC-93463081E9F8}.Debug|Any CPU.Build.0 = Debug|Any CPU
		{3EC18AAA-EFFA-4ED9-8ABC-93463081E9F8}.Release|Any CPU.ActiveCfg = Release|Any CPU
		{3EC18AAA-EFFA-4ED9-8ABC-93463081E9F8}.Release|Any CPU.Build.0 = Release|Any CPU
		{1447313A-9F66-46D7-814D-5F4EDF9ECDB8}.Debug|Any CPU.ActiveCfg = Debug|Any CPU
		{1447313A-9F66-46D7-814D-5F4EDF9ECDB8}.Debug|Any CPU.Build.0 = Debug|Any CPU
		{1447313A-9F66-46D7-814D-5F4EDF9ECDB8}.Release|Any CPU.ActiveCfg = Release|Any CPU
		{1447313A-9F66-46D7-814D-5F4EDF9ECDB8}.Release|Any CPU.Build.0 = Release|Any CPU
		{E2391715-D696-46DC-BA34-20C5DAA27268}.Debug|Any CPU.ActiveCfg = Debug|Any CPU
		{E2391715-D696-46DC-BA34-20C5DAA27268}.Debug|Any CPU.Build.0 = Debug|Any CPU
		{E2391715-D696-46DC-BA34-20C5DAA27268}.Release|Any CPU.ActiveCfg = Release|Any CPU
		{E2391715-D696-46DC-BA34-20C5DAA27268}.Release|Any CPU.Build.0 = Release|Any CPU
		{E5499241-6F7D-4E2B-8508-CCD81DB28473}.Debug|Any CPU.ActiveCfg = Debug|Any CPU
		{E5499241-6F7D-4E2B-8508-CCD81DB28473}.Debug|Any CPU.Build.0 = Debug|Any CPU
		{E5499241-6F7D-4E2B-8508-CCD81DB28473}.Release|Any CPU.ActiveCfg = Release|Any CPU
		{E5499241-6F7D-4E2B-8508-CCD81DB28473}.Release|Any CPU.Build.0 = Release|Any CPU
		{B67273B1-C20A-4BF2-8F75-243828F3227D}.Debug|Any CPU.ActiveCfg = Debug|Any CPU
		{B67273B1-C20A-4BF2-8F75-243828F3227D}.Debug|Any CPU.Build.0 = Debug|Any CPU
		{B67273B1-C20A-4BF2-8F75-243828F3227D}.Release|Any CPU.ActiveCfg = Release|Any CPU
		{B67273B1-C20A-4BF2-8F75-243828F3227D}.Release|Any CPU.Build.0 = Release|Any CPU
		{DFD8C5AE-469D-4D49-A352-ABCAF4E05479}.Debug|Any CPU.ActiveCfg = Debug|Any CPU
		{DFD8C5AE-469D-4D49-A352-ABCAF4E05479}.Debug|Any CPU.Build.0 = Debug|Any CPU
		{DFD8C5AE-469D-4D49-A352-ABCAF4E05479}.Release|Any CPU.ActiveCfg = Release|Any CPU
		{DFD8C5AE-469D-4D49-A352-ABCAF4E05479}.Release|Any CPU.Build.0 = Release|Any CPU
		{2F7130D9-8A02-4E96-9410-D4DD84C25C25}.Debug|Any CPU.ActiveCfg = Debug|Any CPU
		{2F7130D9-8A02-4E96-9410-D4DD84C25C25}.Debug|Any CPU.Build.0 = Debug|Any CPU
		{2F7130D9-8A02-4E96-9410-D4DD84C25C25}.Release|Any CPU.ActiveCfg = Release|Any CPU
		{2F7130D9-8A02-4E96-9410-D4DD84C25C25}.Release|Any CPU.Build.0 = Release|Any CPU
	EndGlobalSection
	GlobalSection(SolutionProperties) = preSolution
		HideSolutionNode = FALSE
	EndGlobalSection
	GlobalSection(ExtensibilityGlobals) = postSolution
		SolutionGuid = {A01B4817-C56B-48CD-A04A-687756FFBE05}
	EndGlobalSection
EndGlobal
